
Microsoft Visual Studio Solution File, Format Version 12.00
# Visual Studio Version 17
VisualStudioVersion = 17.7.34031.279
MinimumVisualStudioVersion = 10.0.40219.1
Project("{FAE04EC0-301F-11D3-BF4B-00C04F79EFBC}") = "LrPr3", "LrPr3.csproj", "{DA497835-219D-48FB-9C56-DA63A2640F82}"
EndProject
Global
	GlobalSection(SolutionConfigurationPlatforms) = preSolution
		Debug|Any CPU = Debug|Any CPU
		Release|Any CPU = Release|Any CPU
	EndGlobalSection
	GlobalSection(ProjectConfigurationPlatforms) = postSolution
		{DA497835-219D-48FB-9C56-DA63A2640F82}.Debug|Any CPU.ActiveCfg = Debug|Any CPU
		{DA497835-219D-48FB-9C56-DA63A2640F82}.Debug|Any CPU.Build.0 = Debug|Any CPU
		{DA497835-219D-48FB-9C56-DA63A2640F82}.Release|Any CPU.ActiveCfg = Release|Any CPU
		{DA497835-219D-48FB-9C56-DA63A2640F82}.Release|Any CPU.Build.0 = Release|Any CPU
	EndGlobalSection
	GlobalSection(SolutionProperties) = preSolution
		HideSolutionNode = FALSE
	EndGlobalSection
	GlobalSection(ExtensibilityGlobals) = postSolution
		SolutionGuid = {04BCB409-D704-44EC-B784-27795C8F3BC5}
	EndGlobalSection
EndGlobal
